
Microsoft Visual Studio Solution File, Format Version 12.00
# Visual Studio Version 17
VisualStudioVersion = 17.1.32127.271
MinimumVisualStudioVersion = 10.0.40219.1
Project("{FAE04EC0-301F-11D3-BF4B-00C04F79EFBC}") = "AppInsightsAPIExample", "AppInsightsAPIExample\AppInsightsAPIExample.csproj", "{FF0D679E-7CC5-4DE1-91F2-ED17E52B13E5}"
EndProject
Global
	GlobalSection(SolutionConfigurationPlatforms) = preSolution
		Debug|Any CPU = Debug|Any CPU
		Release|Any CPU = Release|Any CPU
	EndGlobalSection
	GlobalSection(ProjectConfigurationPlatforms) = postSolution
		{FF0D679E-7CC5-4DE1-91F2-ED17E52B13E5}.Debug|Any CPU.ActiveCfg = Debug|Any CPU
		{FF0D679E-7CC5-4DE1-91F2-ED17E52B13E5}.Debug|Any CPU.Build.0 = Debug|Any CPU
		{FF0D679E-7CC5-4DE1-91F2-ED17E52B13E5}.Release|Any CPU.ActiveCfg = Release|Any CPU
		{FF0D679E-7CC5-4DE1-91F2-ED17E52B13E5}.Release|Any CPU.Build.0 = Release|Any CPU
	EndGlobalSection
	GlobalSection(SolutionProperties) = preSolution
		HideSolutionNode = FALSE
	EndGlobalSection
	GlobalSection(ExtensibilityGlobals) = postSolution
		SolutionGuid = {BA6B73DD-C1E2-41E0-B16D-B2E6A5F1FB4B}
	EndGlobalSection
EndGlobal
